
Microsoft Visual Studio Solution File, Format Version 12.00
# Visual Studio 15
VisualStudioVersion = 15.0.28307.136
MinimumVisualStudioVersion = 10.0.40219.1
Project("{FAE04EC0-301F-11D3-BF4B-00C04F79EFBC}") = "Forms.BuildingBlocks", "Forms.BuildingBlocks\Forms.BuildingBlocks.csproj", "{487C0839-DC99-4E8E-93D6-552209F577DC}"
EndProject
Global
	GlobalSection(SolutionConfigurationPlatforms) = preSolution
		Debug|Any CPU = Debug|Any CPU
		Release|Any CPU = Release|Any CPU
	EndGlobalSection
	GlobalSection(ProjectConfigurationPlatforms) = postSolution
		{487C0839-DC99-4E8E-93D6-552209F577DC}.Debug|Any CPU.ActiveCfg = Debug|Any CPU
		{487C0839-DC99-4E8E-93D6-552209F577DC}.Debug|Any CPU.Build.0 = Debug|Any CPU
		{487C0839-DC99-4E8E-93D6-552209F577DC}.Release|Any CPU.ActiveCfg = Release|Any CPU
		{487C0839-DC99-4E8E-93D6-552209F577DC}.Release|Any CPU.Build.0 = Release|Any CPU
	EndGlobalSection
	GlobalSection(SolutionProperties) = preSolution
		HideSolutionNode = FALSE
	EndGlobalSection
	GlobalSection(ExtensibilityGlobals) = postSolution
		SolutionGuid = {70F82398-9B9C-4515-A442-0ECAE4D79B08}
	EndGlobalSection
EndGlobal
